
Microsoft Visual Studio Solution File, Format Version 12.00
# Visual Studio 2013
VisualStudioVersion = 12.0.30501.0
MinimumVisualStudioVersion = 10.0.40219.1
Project("{FAE04EC0-301F-11D3-BF4B-00C04F79EFBC}") = "TradeStationShell", "TradeStationGUI\TradeStationShell\TradeStationShell.csproj", "{D053D59E-155D-4345-9908-CFF6CD015489}"
EndProject
Project("{FAE04EC0-301F-11D3-BF4B-00C04F79EFBC}") = "TradeStation.Infrastructure", "TradeStationGUI\TradeStation.Infrastructure\TradeStation.Infrastructure.csproj", "{8B572DC2-78A3-4EEE-AAC2-D2E433BB1613}"
EndProject
Project("{2150E333-8FDC-42A3-9474-1A3956D46DE8}") = "Modules", "Modules", "{62947BFC-AE1A-4E5C-AE08-0388641CECA5}"
EndProject
Project("{FAE04EC0-301F-11D3-BF4B-00C04F79EFBC}") = "TradeStation.Modules.LogMessage", "TradeStationGUI\TradeStation.Modules.LogMessage\TradeStation.Modules.LogMessage.csproj", "{7258CF32-63D1-4010-8C06-D1A575498244}"
EndProject
Project("{FAE04EC0-301F-11D3-BF4B-00C04F79EFBC}") = "TradeStation.Modules.MenuAction", "TradeStationGUI\TradeStation.Modules.MenuAction\TradeStation.Modules.MenuAction.csproj", "{6BC4BFB1-F30D-4AC3-AF65-83276D78C020}"
EndProject
Project("{FAE04EC0-301F-11D3-BF4B-00C04F79EFBC}") = "TradeStation.Modules.Trade", "TradeStationGUI\TradeStation.Modules.Trade\TradeStation.Modules.Trade.csproj", "{A3DF3F4D-CA0F-4E7F-831B-91E466F9DA0C}"
EndProject
Project("{FAE04EC0-301F-11D3-BF4B-00C04F79EFBC}") = "TradeStation.Modules.RealTimePrice", "TradeStationGUI\TradeStation.Modules.RealTimePrice\TradeStation.Modules.RealTimePrice.csproj", "{95008D9E-54FC-4E56-B3E7-32BF4360053E}"
EndProject
Project("{54435603-DBB4-11D2-8724-00A0C9A8B90C}") = "QuickTradeStationInstaller", "QuickTradeStationInstaller\QuickTradeStationInstaller.vdproj", "{9958AA8F-0B63-4D2D-A4BF-8B46ABB2F871}"
	ProjectSection(ProjectDependencies) = postProject
		{E84C4E1C-1F02-450E-A0B5-C1CA599DCB7A} = {E84C4E1C-1F02-450E-A0B5-C1CA599DCB7A}
		{7258CF32-63D1-4010-8C06-D1A575498244} = {7258CF32-63D1-4010-8C06-D1A575498244}
		{3CF31233-2F06-4156-AEF6-7F1D0C362F6A} = {3CF31233-2F06-4156-AEF6-7F1D0C362F6A}
		{FFB42A41-833F-4B00-AF94-E6D6309F39AA} = {FFB42A41-833F-4B00-AF94-E6D6309F39AA}
		{4131B645-B69B-440F-93A7-9BA57E632ECD} = {4131B645-B69B-440F-93A7-9BA57E632ECD}
		{A3DF3F4D-CA0F-4E7F-831B-91E466F9DA0C} = {A3DF3F4D-CA0F-4E7F-831B-91E466F9DA0C}
		{C8873386-7CB6-4D4F-B765-6735CE9F8A63} = {C8873386-7CB6-4D4F-B765-6735CE9F8A63}
		{95008D9E-54FC-4E56-B3E7-32BF4360053E} = {95008D9E-54FC-4E56-B3E7-32BF4360053E}
		{D053D59E-155D-4345-9908-CFF6CD015489} = {D053D59E-155D-4345-9908-CFF6CD015489}
		{6BC4BFB1-F30D-4AC3-AF65-83276D78C020} = {6BC4BFB1-F30D-4AC3-AF65-83276D78C020}
		{8B572DC2-78A3-4EEE-AAC2-D2E433BB1613} = {8B572DC2-78A3-4EEE-AAC2-D2E433BB1613}
		{902FA6D2-3781-4072-9BB5-D319982B1CED} = {902FA6D2-3781-4072-9BB5-D319982B1CED}
	EndProjectSection
EndProject
Project("{FAE04EC0-301F-11D3-BF4B-00C04F79EFBC}") = "TradeStation.Stock", "TradeStationGUI\TradeStation.Stock\TradeStation.Stock.csproj", "{E84C4E1C-1F02-450E-A0B5-C1CA599DCB7A}"
EndProject
Project("{FAE04EC0-301F-11D3-BF4B-00C04F79EFBC}") = "TradeStation.Option", "TradeStationGUI\TradeStation.Option\TradeStation.Option.csproj", "{902FA6D2-3781-4072-9BB5-D319982B1CED}"
EndProject
Project("{FAE04EC0-301F-11D3-BF4B-00C04F79EFBC}") = "TradeStation.BasketTrading", "TradeStationGUI\TradeStation.BasketTrading\TradeStation.BasketTrading.csproj", "{3CF31233-2F06-4156-AEF6-7F1D0C362F6A}"
EndProject
Project("{FAE04EC0-301F-11D3-BF4B-00C04F79EFBC}") = "TradeStation.Fund", "TradeStationGUI\TradeStation.Fund\TradeStation.Fund.csproj", "{FFB42A41-833F-4B00-AF94-E6D6309F39AA}"
EndProject
Project("{FAE04EC0-301F-11D3-BF4B-00C04F79EFBC}") = "TradeStation.Future", "TradeStationGUI\TradeStation.Future\TradeStation.Future.csproj", "{C8873386-7CB6-4D4F-B765-6735CE9F8A63}"
EndProject
Project("{FAE04EC0-301F-11D3-BF4B-00C04F79EFBC}") = "QuickTradeStationInstallerCustomAction", "QuickTradeStationInstallerCustomAction\QuickTradeStationInstallerCustomAction.csproj", "{4131B645-B69B-440F-93A7-9BA57E632ECD}"
EndProject
Global
	GlobalSection(SolutionConfigurationPlatforms) = preSolution
		Debug|Any CPU = Debug|Any CPU
		Release|Any CPU = Release|Any CPU
	EndGlobalSection
	GlobalSection(ProjectConfigurationPlatforms) = postSolution
		{D053D59E-155D-4345-9908-CFF6CD015489}.Debug|Any CPU.ActiveCfg = Debug|Any CPU
		{D053D59E-155D-4345-9908-CFF6CD015489}.Debug|Any CPU.Build.0 = Debug|Any CPU
		{D053D59E-155D-4345-9908-CFF6CD015489}.Release|Any CPU.ActiveCfg = Release|Any CPU
		{D053D59E-155D-4345-9908-CFF6CD015489}.Release|Any CPU.Build.0 = Release|Any CPU
		{8B572DC2-78A3-4EEE-AAC2-D2E433BB1613}.Debug|Any CPU.ActiveCfg = Debug|Any CPU
		{8B572DC2-78A3-4EEE-AAC2-D2E433BB1613}.Debug|Any CPU.Build.0 = Debug|Any CPU
		{8B572DC2-78A3-4EEE-AAC2-D2E433BB1613}.Release|Any CPU.ActiveCfg = Release|Any CPU
		{8B572DC2-78A3-4EEE-AAC2-D2E433BB1613}.Release|Any CPU.Build.0 = Release|Any CPU
		{7258CF32-63D1-4010-8C06-D1A575498244}.Debug|Any CPU.ActiveCfg = Debug|Any CPU
		{7258CF32-63D1-4010-8C06-D1A575498244}.Debug|Any CPU.Build.0 = Debug|Any CPU
		{7258CF32-63D1-4010-8C06-D1A575498244}.Release|Any CPU.ActiveCfg = Release|Any CPU
		{7258CF32-63D1-4010-8C06-D1A575498244}.Release|Any CPU.Build.0 = Release|Any CPU
		{6BC4BFB1-F30D-4AC3-AF65-83276D78C020}.Debug|Any CPU.ActiveCfg = Debug|Any CPU
		{6BC4BFB1-F30D-4AC3-AF65-83276D78C020}.Debug|Any CPU.Build.0 = Debug|Any CPU
		{6BC4BFB1-F30D-4AC3-AF65-83276D78C020}.Release|Any CPU.ActiveCfg = Release|Any CPU
		{6BC4BFB1-F30D-4AC3-AF65-83276D78C020}.Release|Any CPU.Build.0 = Release|Any CPU
		{A3DF3F4D-CA0F-4E7F-831B-91E466F9DA0C}.Debug|Any CPU.ActiveCfg = Debug|Any CPU
		{A3DF3F4D-CA0F-4E7F-831B-91E466F9DA0C}.Debug|Any CPU.Build.0 = Debug|Any CPU
		{A3DF3F4D-CA0F-4E7F-831B-91E466F9DA0C}.Release|Any CPU.ActiveCfg = Release|Any CPU
		{A3DF3F4D-CA0F-4E7F-831B-91E466F9DA0C}.Release|Any CPU.Build.0 = Release|Any CPU
		{95008D9E-54FC-4E56-B3E7-32BF4360053E}.Debug|Any CPU.ActiveCfg = Debug|Any CPU
		{95008D9E-54FC-4E56-B3E7-32BF4360053E}.Debug|Any CPU.Build.0 = Debug|Any CPU
		{95008D9E-54FC-4E56-B3E7-32BF4360053E}.Release|Any CPU.ActiveCfg = Release|Any CPU
		{95008D9E-54FC-4E56-B3E7-32BF4360053E}.Release|Any CPU.Build.0 = Release|Any CPU
		{9958AA8F-0B63-4D2D-A4BF-8B46ABB2F871}.Debug|Any CPU.ActiveCfg = Debug
		{9958AA8F-0B63-4D2D-A4BF-8B46ABB2F871}.Release|Any CPU.ActiveCfg = Release
		{E84C4E1C-1F02-450E-A0B5-C1CA599DCB7A}.Debug|Any CPU.ActiveCfg = Debug|Any CPU
		{E84C4E1C-1F02-450E-A0B5-C1CA599DCB7A}.Debug|Any CPU.Build.0 = Debug|Any CPU
		{E84C4E1C-1F02-450E-A0B5-C1CA599DCB7A}.Release|Any CPU.ActiveCfg = Release|Any CPU
		{E84C4E1C-1F02-450E-A0B5-C1CA599DCB7A}.Release|Any CPU.Build.0 = Release|Any CPU
		{902FA6D2-3781-4072-9BB5-D319982B1CED}.Debug|Any CPU.ActiveCfg = Debug|Any CPU
		{902FA6D2-3781-4072-9BB5-D319982B1CED}.Debug|Any CPU.Build.0 = Debug|Any CPU
		{902FA6D2-3781-4072-9BB5-D319982B1CED}.Release|Any CPU.ActiveCfg = Release|Any CPU
		{902FA6D2-3781-4072-9BB5-D319982B1CED}.Release|Any CPU.Build.0 = Release|Any CPU
		{3CF31233-2F06-4156-AEF6-7F1D0C362F6A}.Debug|Any CPU.ActiveCfg = Debug|Any CPU
		{3CF31233-2F06-4156-AEF6-7F1D0C362F6A}.Debug|Any CPU.Build.0 = Debug|Any CPU
		{3CF31233-2F06-4156-AEF6-7F1D0C362F6A}.Release|Any CPU.ActiveCfg = Release|Any CPU
		{3CF31233-2F06-4156-AEF6-7F1D0C362F6A}.Release|Any CPU.Build.0 = Release|Any CPU
		{FFB42A41-833F-4B00-AF94-E6D6309F39AA}.Debug|Any CPU.ActiveCfg = Debug|Any CPU
		{FFB42A41-833F-4B00-AF94-E6D6309F39AA}.Debug|Any CPU.Build.0 = Debug|Any CPU
		{FFB42A41-833F-4B00-AF94-E6D6309F39AA}.Release|Any CPU.ActiveCfg = Release|Any CPU
		{FFB42A41-833F-4B00-AF94-E6D6309F39AA}.Release|Any CPU.Build.0 = Release|Any CPU
		{C8873386-7CB6-4D4F-B765-6735CE9F8A63}.Debug|Any CPU.ActiveCfg = Debug|Any CPU
		{C8873386-7CB6-4D4F-B765-6735CE9F8A63}.Debug|Any CPU.Build.0 = Debug|Any CPU
		{C8873386-7CB6-4D4F-B765-6735CE9F8A63}.Release|Any CPU.ActiveCfg = Release|Any CPU
		{C8873386-7CB6-4D4F-B765-6735CE9F8A63}.Release|Any CPU.Build.0 = Release|Any CPU
		{4131B645-B69B-440F-93A7-9BA57E632ECD}.Debug|Any CPU.ActiveCfg = Debug|Any CPU
		{4131B645-B69B-440F-93A7-9BA57E632ECD}.Debug|Any CPU.Build.0 = Debug|Any CPU
		{4131B645-B69B-440F-93A7-9BA57E632ECD}.Release|Any CPU.ActiveCfg = Release|Any CPU
		{4131B645-B69B-440F-93A7-9BA57E632ECD}.Release|Any CPU.Build.0 = Release|Any CPU
	EndGlobalSection
	GlobalSection(SolutionProperties) = preSolution
		HideSolutionNode = FALSE
	EndGlobalSection
	GlobalSection(NestedProjects) = preSolution
		{7258CF32-63D1-4010-8C06-D1A575498244} = {62947BFC-AE1A-4E5C-AE08-0388641CECA5}
		{6BC4BFB1-F30D-4AC3-AF65-83276D78C020} = {62947BFC-AE1A-4E5C-AE08-0388641CECA5}
		{A3DF3F4D-CA0F-4E7F-831B-91E466F9DA0C} = {62947BFC-AE1A-4E5C-AE08-0388641CECA5}
		{95008D9E-54FC-4E56-B3E7-32BF4360053E} = {62947BFC-AE1A-4E5C-AE08-0388641CECA5}
		{E84C4E1C-1F02-450E-A0B5-C1CA599DCB7A} = {62947BFC-AE1A-4E5C-AE08-0388641CECA5}
		{902FA6D2-3781-4072-9BB5-D319982B1CED} = {62947BFC-AE1A-4E5C-AE08-0388641CECA5}
		{3CF31233-2F06-4156-AEF6-7F1D0C362F6A} = {62947BFC-AE1A-4E5C-AE08-0388641CECA5}
		{FFB42A41-833F-4B00-AF94-E6D6309F39AA} = {62947BFC-AE1A-4E5C-AE08-0388641CECA5}
		{C8873386-7CB6-4D4F-B765-6735CE9F8A63} = {62947BFC-AE1A-4E5C-AE08-0388641CECA5}
	EndGlobalSection
	GlobalSection(ExtensibilityGlobals) = postSolution
		EnterpriseLibraryConfigurationToolBinariesPathV6 = packages\EnterpriseLibrary.Common.6.0.1304.0\lib\NET45;packages\EnterpriseLibrary.ExceptionHandling.6.0.1304.0\lib\NET45
	EndGlobalSection
EndGlobal
